{
  "name": "register-work",
  "version": "1.0.0",
  "lockfileVersion": 2,
  "requires": true,
  "packages": {
    "": {
      "name": "register-work",
      "version": "1.0.0",
      "license": "ISC",
      "dependencies": {
        "@types/animejs": "^3.1.6"
      }
    },
    "node_modules/@types/animejs": {
      "version": "3.1.6",
      "resolved": "https://registry.npmjs.org/@types/animejs/-/animejs-3.1.6.tgz",
      "integrity": "sha512-jYlEdbVTOOLBz1mauqhrigFUFAGde2KCdO/99asxHpF+5zOdz/VjNKbnpNa0oNBhsDNFzmMvvE+V4C8ZkvJdKg=="
    }
  },
  "dependencies": {
    "@types/animejs": {
      "version": "3.1.6",
      "resolved": "https://registry.npmjs.org/@types/animejs/-/animejs-3.1.6.tgz",
      "integrity": "sha512-jYlEdbVTOOLBz1mauqhrigFUFAGde2KCdO/99asxHpF+5zOdz/VjNKbnpNa0oNBhsDNFzmMvvE+V4C8ZkvJdKg=="
    }
  }
}
